// !$*UTF8*$!
{
	archiveVersion = 1;
	classes = {
	};
	objectVersion = 56;
	objects = {

/* Begin PBXBuildFile section */
		CD7ADCB42CBA7A4500DFB7F4 /* WeathreForecastingApp.swift in Sources */ = {isa = PBXBuildFile; fileRef = CD7ADCB32CBA7A4500DFB7F4 /* WeathreForecastingApp.swift */; };
		CD7ADCB82CBA7A4600DFB7F4 /* Assets.xcassets in Resources */ = {isa = PBXBuildFile; fileRef = CD7ADCB72CBA7A4600DFB7F4 /* Assets.xcassets */; };
		CD7ADCBB2CBA7A4600DFB7F4 /* Preview Assets.xcassets in Resources */ = {isa = PBXBuildFile; fileRef = CD7ADCBA2CBA7A4600DFB7F4 /* Preview Assets.xcassets */; };
		CD7ADCD12CBA7A4600DFB7F4 /* WeathreForecastingUITestsLaunchTests.swift in Sources */ = {isa = PBXBuildFile; fileRef = CD7ADCD02CBA7A4600DFB7F4 /* WeathreForecastingUITestsLaunchTests.swift */; };
		CD7ADCDF2CBA7A9200DFB7F4 /* ForecastView.swift in Sources */ = {isa = PBXBuildFile; fileRef = CD7ADCDE2CBA7A9200DFB7F4 /* ForecastView.swift */; };
		CD7ADCE12CBA7AB900DFB7F4 /* CurrentWeatherView.swift in Sources */ = {isa = PBXBuildFile; fileRef = CD7ADCE02CBA7AB900DFB7F4 /* CurrentWeatherView.swift */; };
		CD7ADCE32CBA7ACF00DFB7F4 /* SearchBar.swift in Sources */ = {isa = PBXBuildFile; fileRef = CD7ADCE22CBA7ACF00DFB7F4 /* SearchBar.swift */; };
		CD7ADCE52CBA7AF300DFB7F4 /* ContentView.swift in Sources */ = {isa = PBXBuildFile; fileRef = CD7ADCE42CBA7AF300DFB7F4 /* ContentView.swift */; };
		CD7ADCE82CBA7B4200DFB7F4 /* WeatherData.swift in Sources */ = {isa = PBXBuildFile; fileRef = CD7ADCE72CBA7B4200DFB7F4 /* WeatherData.swift */; };
		CD7ADCEA2CBA7B6700DFB7F4 /* CurrentWeather.swift in Sources */ = {isa = PBXBuildFile; fileRef = CD7ADCE92CBA7B6700DFB7F4 /* CurrentWeather.swift */; };
		CD7ADCEC2CBA7B7500DFB7F4 /* Forecast.swift in Sources */ = {isa = PBXBuildFile; fileRef = CD7ADCEB2CBA7B7500DFB7F4 /* Forecast.swift */; };
		CD7ADCEE2CBA7B8400DFB7F4 /* DailyForecast.swift in Sources */ = {isa = PBXBuildFile; fileRef = CD7ADCED2CBA7B8400DFB7F4 /* DailyForecast.swift */; };
		CD7ADCF32CBA7BE300DFB7F4 /* WeatherService.swift in Sources */ = {isa = PBXBuildFile; fileRef = CD7ADCF22CBA7BE300DFB7F4 /* WeatherService.swift */; };
		CD7ADCF62CBA7C1100DFB7F4 /* WeatherViewModel.swift in Sources */ = {isa = PBXBuildFile; fileRef = CD7ADCF52CBA7C1100DFB7F4 /* WeatherViewModel.swift */; };
		CD7ADD012CBA7EC900DFB7F4 /* WeatherServiceTest.swift in Sources */ = {isa = PBXBuildFile; fileRef = CD7ADCFE2CBA7EC900DFB7F4 /* WeatherServiceTest.swift */; };
		CD7ADD022CBA7EC900DFB7F4 /* WeatherViewModelTests.swift in Sources */ = {isa = PBXBuildFile; fileRef = CD7ADCFF2CBA7EC900DFB7F4 /* WeatherViewModelTests.swift */; };
		CD7ADD042CBA80E500DFB7F4 /* WeatherResponse.swift in Sources */ = {isa = PBXBuildFile; fileRef = CD7ADD032CBA80E500DFB7F4 /* WeatherResponse.swift */; };
		CD7ADD062CBA812400DFB7F4 /* MainWeather.swift in Sources */ = {isa = PBXBuildFile; fileRef = CD7ADD052CBA812400DFB7F4 /* MainWeather.swift */; };
		CD7ADD082CBA814600DFB7F4 /* Weather.swift in Sources */ = {isa = PBXBuildFile; fileRef = CD7ADD072CBA814600DFB7F4 /* Weather.swift */; };
		CD7ADD0A2CBA816700DFB7F4 /* City.swift in Sources */ = {isa = PBXBuildFile; fileRef = CD7ADD092CBA816700DFB7F4 /* City.swift */; };
		CD7ADD0C2CBA838B00DFB7F4 /* CurrentWeatherDisplay.swift in Sources */ = {isa = PBXBuildFile; fileRef = CD7ADD0B2CBA838B00DFB7F4 /* CurrentWeatherDisplay.swift */; };
		CD7ADD0E2CBA83A300DFB7F4 /* DailyForeCastList.swift in Sources */ = {isa = PBXBuildFile; fileRef = CD7ADD0D2CBA83A300DFB7F4 /* DailyForeCastList.swift */; };
		CD7ADD102CBA83DF00DFB7F4 /* FiveDayForecastView.swift in Sources */ = {isa = PBXBuildFile; fileRef = CD7ADD0F2CBA83DF00DFB7F4 /* FiveDayForecastView.swift */; };
		CD7ADD132CBA841D00DFB7F4 /* Utilities.swift in Sources */ = {isa = PBXBuildFile; fileRef = CD7ADD122CBA841D00DFB7F4 /* Utilities.swift */; };
		CD7ADD152CBA89E700DFB7F4 /* WeatherAppUITests.swift in Sources */ = {isa = PBXBuildFile; fileRef = CD7ADD142CBA89E700DFB7F4 /* WeatherAppUITests.swift */; };
		CD7ADD172CBA8C3800DFB7F4 /* CacheManager.swift in Sources */ = {isa = PBXBuildFile; fileRef = CD7ADD162CBA8C3800DFB7F4 /* CacheManager.swift */; };
		CD7ADD192CBA8D2500DFB7F4 /* CacheManagerTests.swift in Sources */ = {isa = PBXBuildFile; fileRef = CD7ADD182CBA8D2500DFB7F4 /* CacheManagerTests.swift */; };
		CD7ADD272CBA978200DFB7F4 /* MockWeatherService.swift in Sources */ = {isa = PBXBuildFile; fileRef = CD7ADD232CBA978200DFB7F4 /* MockWeatherService.swift */; };
		CD7ADD282CBA978200DFB7F4 /* MockUrlSession.swift in Sources */ = {isa = PBXBuildFile; fileRef = CD7ADD242CBA978200DFB7F4 /* MockUrlSession.swift */; };
		CD7ADD292CBA978200DFB7F4 /* MockDataTaskPublisher.swift in Sources */ = {isa = PBXBuildFile; fileRef = CD7ADD252CBA978200DFB7F4 /* MockDataTaskPublisher.swift */; };
		CD7ADD2A2CBA978200DFB7F4 /* MockNetworkMonitor.swift in Sources */ = {isa = PBXBuildFile; fileRef = CD7ADD262CBA978200DFB7F4 /* MockNetworkMonitor.swift */; };
		CD7ADD2C2CBA97F100DFB7F4 /* URLSessionProtocol.swift in Sources */ = {isa = PBXBuildFile; fileRef = CD7ADD2B2CBA97F100DFB7F4 /* URLSessionProtocol.swift */; };
		CD7ADD302CBA986200DFB7F4 /* WeatherServiceProtocol.swift in Sources */ = {isa = PBXBuildFile; fileRef = CD7ADD2E2CBA986200DFB7F4 /* WeatherServiceProtocol.swift */; };
		CD7ADD312CBA986200DFB7F4 /* NetworkMonitoringProtocol.swift in Sources */ = {isa = PBXBuildFile; fileRef = CD7ADD2F2CBA986200DFB7F4 /* NetworkMonitoringProtocol.swift */; };
		CD7ADD332CBA9F6700DFB7F4 /* DailyForecastListTests.swift in Sources */ = {isa = PBXBuildFile; fileRef = CD7ADD322CBA9F6700DFB7F4 /* DailyForecastListTests.swift */; };
/* End PBXBuildFile section */

/* Begin PBXContainerItemProxy section */
		CD7ADCC12CBA7A4600DFB7F4 /* PBXContainerItemProxy */ = {
			isa = PBXContainerItemProxy;
			containerPortal = CD7ADCA82CBA7A4500DFB7F4 /* Project object */;
			proxyType = 1;
			remoteGlobalIDString = CD7ADCAF2CBA7A4500DFB7F4;
			remoteInfo = WeathreForecasting;
		};
		CD7ADCCB2CBA7A4600DFB7F4 /* PBXContainerItemProxy */ = {
			isa = PBXContainerItemProxy;
			containerPortal = CD7ADCA82CBA7A4500DFB7F4 /* Project object */;
			proxyType = 1;
			remoteGlobalIDString = CD7ADCAF2CBA7A4500DFB7F4;
			remoteInfo = WeathreForecasting;
		};
/* End PBXContainerItemProxy section */

/* Begin PBXFileReference section */
		CD7ADCB02CBA7A4500DFB7F4 /* WeathreForecasting.app */ = {isa = PBXFileReference; explicitFileType = wrapper.application; includeInIndex = 0; path = WeathreForecasting.app; sourceTree = BUILT_PRODUCTS_DIR; };
		CD7ADCB32CBA7A4500DFB7F4 /* WeathreForecastingApp.swift */ = {isa = PBXFileReference; lastKnownFileType = sourcecode.swift; path = WeathreForecastingApp.swift; sourceTree = "<group>"; };
		CD7ADCB72CBA7A4600DFB7F4 /* Assets.xcassets */ = {isa = PBXFileReference; lastKnownFileType = folder.assetcatalog; path = Assets.xcassets; sourceTree = "<group>"; };
		CD7ADCBA2CBA7A4600DFB7F4 /* Preview Assets.xcassets */ = {isa = PBXFileReference; lastKnownFileType = folder.assetcatalog; path = "Preview Assets.xcassets"; sourceTree = "<group>"; };
		CD7ADCC02CBA7A4600DFB7F4 /* WeathreForecastingTests.xctest */ = {isa = PBXFileReference; explicitFileType = wrapper.cfbundle; includeInIndex = 0; path = WeathreForecastingTests.xctest; sourceTree = BUILT_PRODUCTS_DIR; };
		CD7ADCCA2CBA7A4600DFB7F4 /* WeathreForecastingUITests.xctest */ = {isa = PBXFileReference; explicitFileType = wrapper.cfbundle; includeInIndex = 0; path = WeathreForecastingUITests.xctest; sourceTree = BUILT_PRODUCTS_DIR; };
		CD7ADCD02CBA7A4600DFB7F4 /* WeathreForecastingUITestsLaunchTests.swift */ = {isa = PBXFileReference; lastKnownFileType = sourcecode.swift; path = WeathreForecastingUITestsLaunchTests.swift; sourceTree = "<group>"; };
		CD7ADCDE2CBA7A9200DFB7F4 /* ForecastView.swift */ = {isa = PBXFileReference; lastKnownFileType = sourcecode.swift; path = ForecastView.swift; sourceTree = "<group>"; };
		CD7ADCE02CBA7AB900DFB7F4 /* CurrentWeatherView.swift */ = {isa = PBXFileReference; lastKnownFileType = sourcecode.swift; path = CurrentWeatherView.swift; sourceTree = "<group>"; };
		CD7ADCE22CBA7ACF00DFB7F4 /* SearchBar.swift */ = {isa = PBXFileReference; lastKnownFileType = sourcecode.swift; path = SearchBar.swift; sourceTree = "<group>"; };
		CD7ADCE42CBA7AF300DFB7F4 /* ContentView.swift */ = {isa = PBXFileReference; lastKnownFileType = sourcecode.swift; path = ContentView.swift; sourceTree = "<group>"; };
		CD7ADCE72CBA7B4200DFB7F4 /* WeatherData.swift */ = {isa = PBXFileReference; lastKnownFileType = sourcecode.swift; path = WeatherData.swift; sourceTree = "<group>"; };
		CD7ADCE92CBA7B6700DFB7F4 /* CurrentWeather.swift */ = {isa = PBXFileReference; lastKnownFileType = sourcecode.swift; path = CurrentWeather.swift; sourceTree = "<group>"; };
		CD7ADCEB2CBA7B7500DFB7F4 /* Forecast.swift */ = {isa = PBXFileReference; lastKnownFileType = sourcecode.swift; path = Forecast.swift; sourceTree = "<group>"; };
		CD7ADCED2CBA7B8400DFB7F4 /* DailyForecast.swift */ = {isa = PBXFileReference; lastKnownFileType = sourcecode.swift; path = DailyForecast.swift; sourceTree = "<group>"; };
		CD7ADCF22CBA7BE300DFB7F4 /* WeatherService.swift */ = {isa = PBXFileReference; lastKnownFileType = sourcecode.swift; path = WeatherService.swift; sourceTree = "<group>"; };
		CD7ADCF52CBA7C1100DFB7F4 /* WeatherViewModel.swift */ = {isa = PBXFileReference; lastKnownFileType = sourcecode.swift; path = WeatherViewModel.swift; sourceTree = "<group>"; };
		CD7ADCFE2CBA7EC900DFB7F4 /* WeatherServiceTest.swift */ = {isa = PBXFileReference; fileEncoding = 4; lastKnownFileType = sourcecode.swift; path = WeatherServiceTest.swift; sourceTree = "<group>"; };
		CD7ADCFF2CBA7EC900DFB7F4 /* WeatherViewModelTests.swift */ = {isa = PBXFileReference; fileEncoding = 4; lastKnownFileType = sourcecode.swift; path = WeatherViewModelTests.swift; sourceTree = "<group>"; };
		CD7ADD032CBA80E500DFB7F4 /* WeatherResponse.swift */ = {isa = PBXFileReference; lastKnownFileType = sourcecode.swift; path = WeatherResponse.swift; sourceTree = "<group>"; };
		CD7ADD052CBA812400DFB7F4 /* MainWeather.swift */ = {isa = PBXFileReference; lastKnownFileType = sourcecode.swift; path = MainWeather.swift; sourceTree = "<group>"; };
		CD7ADD072CBA814600DFB7F4 /* Weather.swift */ = {isa = PBXFileReference; lastKnownFileType = sourcecode.swift; path = Weather.swift; sourceTree = "<group>"; };
		CD7ADD092CBA816700DFB7F4 /* City.swift */ = {isa = PBXFileReference; lastKnownFileType = sourcecode.swift; path = City.swift; sourceTree = "<group>"; };
		CD7ADD0B2CBA838B00DFB7F4 /* CurrentWeatherDisplay.swift */ = {isa = PBXFileReference; lastKnownFileType = sourcecode.swift; path = CurrentWeatherDisplay.swift; sourceTree = "<group>"; };
		CD7ADD0D2CBA83A300DFB7F4 /* DailyForeCastList.swift */ = {isa = PBXFileReference; lastKnownFileType = sourcecode.swift; path = DailyForeCastList.swift; sourceTree = "<group>"; };
		CD7ADD0F2CBA83DF00DFB7F4 /* FiveDayForecastView.swift */ = {isa = PBXFileReference; lastKnownFileType = sourcecode.swift; path = FiveDayForecastView.swift; sourceTree = "<group>"; };
		CD7ADD122CBA841D00DFB7F4 /* Utilities.swift */ = {isa = PBXFileReference; lastKnownFileType = sourcecode.swift; path = Utilities.swift; sourceTree = "<group>"; };
		CD7ADD142CBA89E700DFB7F4 /* WeatherAppUITests.swift */ = {isa = PBXFileReference; lastKnownFileType = sourcecode.swift; path = WeatherAppUITests.swift; sourceTree = "<group>"; };
		CD7ADD162CBA8C3800DFB7F4 /* CacheManager.swift */ = {isa = PBXFileReference; lastKnownFileType = sourcecode.swift; path = CacheManager.swift; sourceTree = "<group>"; };
		CD7ADD182CBA8D2500DFB7F4 /* CacheManagerTests.swift */ = {isa = PBXFileReference; lastKnownFileType = sourcecode.swift; path = CacheManagerTests.swift; sourceTree = "<group>"; };
		CD7ADD232CBA978200DFB7F4 /* MockWeatherService.swift */ = {isa = PBXFileReference; fileEncoding = 4; lastKnownFileType = sourcecode.swift; path = MockWeatherService.swift; sourceTree = "<group>"; };
		CD7ADD242CBA978200DFB7F4 /* MockUrlSession.swift */ = {isa = PBXFileReference; fileEncoding = 4; lastKnownFileType = sourcecode.swift; path = MockUrlSession.swift; sourceTree = "<group>"; };
		CD7ADD252CBA978200DFB7F4 /* MockDataTaskPublisher.swift */ = {isa = PBXFileReference; fileEncoding = 4; lastKnownFileType = sourcecode.swift; path = MockDataTaskPublisher.swift; sourceTree = "<group>"; };
		CD7ADD262CBA978200DFB7F4 /* MockNetworkMonitor.swift */ = {isa = PBXFileReference; fileEncoding = 4; lastKnownFileType = sourcecode.swift; path = MockNetworkMonitor.swift; sourceTree = "<group>"; };
		CD7ADD2B2CBA97F100DFB7F4 /* URLSessionProtocol.swift */ = {isa = PBXFileReference; lastKnownFileType = sourcecode.swift; path = URLSessionProtocol.swift; sourceTree = "<group>"; };
		CD7ADD2E2CBA986200DFB7F4 /* WeatherServiceProtocol.swift */ = {isa = PBXFileReference; fileEncoding = 4; lastKnownFileType = sourcecode.swift; path = WeatherServiceProtocol.swift; sourceTree = "<group>"; };
		CD7ADD2F2CBA986200DFB7F4 /* NetworkMonitoringProtocol.swift */ = {isa = PBXFileReference; fileEncoding = 4; lastKnownFileType = sourcecode.swift; path = NetworkMonitoringProtocol.swift; sourceTree = "<group>"; };
		CD7ADD322CBA9F6700DFB7F4 /* DailyForecastListTests.swift */ = {isa = PBXFileReference; lastKnownFileType = sourcecode.swift; path = DailyForecastListTests.swift; sourceTree = "<group>"; };
/* End PBXFileReference section */

/* Begin PBXFrameworksBuildPhase section */
		CD7ADCAD2CBA7A4500DFB7F4 /* Frameworks */ = {
			isa = PBXFrameworksBuildPhase;
			buildActionMask = 2147483647;
			files = (
			);
			runOnlyForDeploymentPostprocessing = 0;
		};
		CD7ADCBD2CBA7A4600DFB7F4 /* Frameworks */ = {
			isa = PBXFrameworksBuildPhase;
			buildActionMask = 2147483647;
			files = (
			);
			runOnlyForDeploymentPostprocessing = 0;
		};
		CD7ADCC72CBA7A4600DFB7F4 /* Frameworks */ = {
			isa = PBXFrameworksBuildPhase;
			buildActionMask = 2147483647;
			files = (
			);
			runOnlyForDeploymentPostprocessing = 0;
		};
/* End PBXFrameworksBuildPhase section */

/* Begin PBXGroup section */
		CD7ADCA72CBA7A4500DFB7F4 = {
			isa = PBXGroup;
			children = (
				CD7ADCB22CBA7A4500DFB7F4 /* WeathreForecasting */,
				CD7ADCC32CBA7A4600DFB7F4 /* WeathreForecastingTests */,
				CD7ADCCD2CBA7A4600DFB7F4 /* WeathreForecastingUITests */,
				CD7ADCB12CBA7A4500DFB7F4 /* Products */,
			);
			sourceTree = "<group>";
		};
		CD7ADCB12CBA7A4500DFB7F4 /* Products */ = {
			isa = PBXGroup;
			children = (
				CD7ADCB02CBA7A4500DFB7F4 /* WeathreForecasting.app */,
				CD7ADCC02CBA7A4600DFB7F4 /* WeathreForecastingTests.xctest */,
				CD7ADCCA2CBA7A4600DFB7F4 /* WeathreForecastingUITests.xctest */,
			);
			name = Products;
			sourceTree = "<group>";
		};
		CD7ADCB22CBA7A4500DFB7F4 /* WeathreForecasting */ = {
			isa = PBXGroup;
			children = (
				CD7ADCEF2CBA7BC100DFB7F4 /* NetworkLayer */,
				CD7ADCE62CBA7B3700DFB7F4 /* Model */,
				CD7ADD112CBA840800DFB7F4 /* Utils */,
				CD7ADCF42CBA7BFE00DFB7F4 /* ViewModel */,
				CD7ADCDD2CBA7A7600DFB7F4 /* UI */,
				CD7ADCB32CBA7A4500DFB7F4 /* WeathreForecastingApp.swift */,
				CD7ADCB72CBA7A4600DFB7F4 /* Assets.xcassets */,
				CD7ADCB92CBA7A4600DFB7F4 /* Preview Content */,
			);
			path = WeathreForecasting;
			sourceTree = "<group>";
		};
		CD7ADCB92CBA7A4600DFB7F4 /* Preview Content */ = {
			isa = PBXGroup;
			children = (
				CD7ADCBA2CBA7A4600DFB7F4 /* Preview Assets.xcassets */,
			);
			path = "Preview Content";
			sourceTree = "<group>";
		};
		CD7ADCC32CBA7A4600DFB7F4 /* WeathreForecastingTests */ = {
			isa = PBXGroup;
			children = (
				CD7ADD222CBA978200DFB7F4 /* NetworkLayerTests */,
				CD7ADCFE2CBA7EC900DFB7F4 /* WeatherServiceTest.swift */,
				CD7ADD182CBA8D2500DFB7F4 /* CacheManagerTests.swift */,
				CD7ADCFF2CBA7EC900DFB7F4 /* WeatherViewModelTests.swift */,
			);
			path = WeathreForecastingTests;
			sourceTree = "<group>";
		};
		CD7ADCCD2CBA7A4600DFB7F4 /* WeathreForecastingUITests */ = {
			isa = PBXGroup;
			children = (
				CD7ADD142CBA89E700DFB7F4 /* WeatherAppUITests.swift */,
				CD7ADCD02CBA7A4600DFB7F4 /* WeathreForecastingUITestsLaunchTests.swift */,
				CD7ADD322CBA9F6700DFB7F4 /* DailyForecastListTests.swift */,
			);
			path = WeathreForecastingUITests;
			sourceTree = "<group>";
		};
		CD7ADCDD2CBA7A7600DFB7F4 /* UI */ = {
			isa = PBXGroup;
			children = (
				CD7ADCDE2CBA7A9200DFB7F4 /* ForecastView.swift */,
				CD7ADD0F2CBA83DF00DFB7F4 /* FiveDayForecastView.swift */,
				CD7ADD0B2CBA838B00DFB7F4 /* CurrentWeatherDisplay.swift */,
				CD7ADD0D2CBA83A300DFB7F4 /* DailyForeCastList.swift */,
				CD7ADCE02CBA7AB900DFB7F4 /* CurrentWeatherView.swift */,
				CD7ADCE22CBA7ACF00DFB7F4 /* SearchBar.swift */,
				CD7ADCE42CBA7AF300DFB7F4 /* ContentView.swift */,
			);
			path = UI;
			sourceTree = "<group>";
		};
		CD7ADCE62CBA7B3700DFB7F4 /* Model */ = {
			isa = PBXGroup;
			children = (
				CD7ADCE72CBA7B4200DFB7F4 /* WeatherData.swift */,
				CD7ADD052CBA812400DFB7F4 /* MainWeather.swift */,
				CD7ADCED2CBA7B8400DFB7F4 /* DailyForecast.swift */,
				CD7ADCE92CBA7B6700DFB7F4 /* CurrentWeather.swift */,
				CD7ADCEB2CBA7B7500DFB7F4 /* Forecast.swift */,
				CD7ADD032CBA80E500DFB7F4 /* WeatherResponse.swift */,
				CD7ADD092CBA816700DFB7F4 /* City.swift */,
				CD7ADD072CBA814600DFB7F4 /* Weather.swift */,
			);
			path = Model;
			sourceTree = "<group>";
		};
		CD7ADCEF2CBA7BC100DFB7F4 /* NetworkLayer */ = {
			isa = PBXGroup;
			children = (
				CD7ADD2D2CBA986200DFB7F4 /* Protocols */,
				CD7ADCF22CBA7BE300DFB7F4 /* WeatherService.swift */,
				CD7ADD2B2CBA97F100DFB7F4 /* URLSessionProtocol.swift */,
			);
			path = NetworkLayer;
			sourceTree = "<group>";
		};
		CD7ADCF42CBA7BFE00DFB7F4 /* ViewModel */ = {
			isa = PBXGroup;
			children = (
				CD7ADCF52CBA7C1100DFB7F4 /* WeatherViewModel.swift */,
				CD7ADD162CBA8C3800DFB7F4 /* CacheManager.swift */,
			);
			path = ViewModel;
			sourceTree = "<group>";
		};
		CD7ADD112CBA840800DFB7F4 /* Utils */ = {
			isa = PBXGroup;
			children = (
				CD7ADD122CBA841D00DFB7F4 /* Utilities.swift */,
			);
			path = Utils;
			sourceTree = "<group>";
		};
		CD7ADD222CBA978200DFB7F4 /* NetworkLayerTests */ = {
			isa = PBXGroup;
			children = (
				CD7ADD232CBA978200DFB7F4 /* MockWeatherService.swift */,
				CD7ADD242CBA978200DFB7F4 /* MockUrlSession.swift */,
				CD7ADD252CBA978200DFB7F4 /* MockDataTaskPublisher.swift */,
				CD7ADD262CBA978200DFB7F4 /* MockNetworkMonitor.swift */,
			);
			path = NetworkLayerTests;
			sourceTree = "<group>";
		};
		CD7ADD2D2CBA986200DFB7F4 /* Protocols */ = {
			isa = PBXGroup;
			children = (
				CD7ADD2E2CBA986200DFB7F4 /* WeatherServiceProtocol.swift */,
				CD7ADD2F2CBA986200DFB7F4 /* NetworkMonitoringProtocol.swift */,
			);
			path = Protocols;
			sourceTree = "<group>";
		};
/* End PBXGroup section */

/* Begin PBXNativeTarget section */
		CD7ADCAF2CBA7A4500DFB7F4 /* WeathreForecasting */ = {
			isa = PBXNativeTarget;
			buildConfigurationList = CD7ADCD42CBA7A4600DFB7F4 /* Build configuration list for PBXNativeTarget "WeathreForecasting" */;
			buildPhases = (
				CD7ADCAC2CBA7A4500DFB7F4 /* Sources */,
				CD7ADCAD2CBA7A4500DFB7F4 /* Frameworks */,
				CD7ADCAE2CBA7A4500DFB7F4 /* Resources */,
			);
			buildRules = (
			);
			dependencies = (
			);
			name = WeathreForecasting;
			productName = WeathreForecasting;
			productReference = CD7ADCB02CBA7A4500DFB7F4 /* WeathreForecasting.app */;
			productType = "com.apple.product-type.application";
		};
		CD7ADCBF2CBA7A4600DFB7F4 /* WeathreForecastingTests */ = {
			isa = PBXNativeTarget;
			buildConfigurationList = CD7ADCD72CBA7A4600DFB7F4 /* Build configuration list for PBXNativeTarget "WeathreForecastingTests" */;
			buildPhases = (
				CD7ADCBC2CBA7A4600DFB7F4 /* Sources */,
				CD7ADCBD2CBA7A4600DFB7F4 /* Frameworks */,
				CD7ADCBE2CBA7A4600DFB7F4 /* Resources */,
			);
			buildRules = (
			);
			dependencies = (
				CD7ADCC22CBA7A4600DFB7F4 /* PBXTargetDependency */,
			);
			name = WeathreForecastingTests;
			productName = WeathreForecastingTests;
			productReference = CD7ADCC02CBA7A4600DFB7F4 /* WeathreForecastingTests.xctest */;
			productType = "com.apple.product-type.bundle.unit-test";
		};
		CD7ADCC92CBA7A4600DFB7F4 /* WeathreForecastingUITests */ = {
			isa = PBXNativeTarget;
			buildConfigurationList = CD7ADCDA2CBA7A4600DFB7F4 /* Build configuration list for PBXNativeTarget "WeathreForecastingUITests" */;
			buildPhases = (
				CD7ADCC62CBA7A4600DFB7F4 /* Sources */,
				CD7ADCC72CBA7A4600DFB7F4 /* Frameworks */,
				CD7ADCC82CBA7A4600DFB7F4 /* Resources */,
			);
			buildRules = (
			);
			dependencies = (
				CD7ADCCC2CBA7A4600DFB7F4 /* PBXTargetDependency */,
			);
			name = WeathreForecastingUITests;
			productName = WeathreForecastingUITests;
			productReference = CD7ADCCA2CBA7A4600DFB7F4 /* WeathreForecastingUITests.xctest */;
			productType = "com.apple.product-type.bundle.ui-testing";
		};
/* End PBXNativeTarget section */

/* Begin PBXProject section */
		CD7ADCA82CBA7A4500DFB7F4 /* Project object */ = {
			isa = PBXProject;
			attributes = {
				BuildIndependentTargetsInParallel = 1;
				LastSwiftUpdateCheck = 1510;
				LastUpgradeCheck = 1510;
				TargetAttributes = {
					CD7ADCAF2CBA7A4500DFB7F4 = {
						CreatedOnToolsVersion = 15.1;
					};
					CD7ADCBF2CBA7A4600DFB7F4 = {
						CreatedOnToolsVersion = 15.1;
						TestTargetID = CD7ADCAF2CBA7A4500DFB7F4;
					};
					CD7ADCC92CBA7A4600DFB7F4 = {
						CreatedOnToolsVersion = 15.1;
						TestTargetID = CD7ADCAF2CBA7A4500DFB7F4;
					};
				};
			};
			buildConfigurationList = CD7ADCAB2CBA7A4500DFB7F4 /* Build configuration list for PBXProject "WeathreForecasting" */;
			compatibilityVersion = "Xcode 14.0";
			developmentRegion = en;
			hasScannedForEncodings = 0;
			knownRegions = (
				en,
				Base,
			);
			mainGroup = CD7ADCA72CBA7A4500DFB7F4;
			productRefGroup = CD7ADCB12CBA7A4500DFB7F4 /* Products */;
			projectDirPath = "";
			projectRoot = "";
			targets = (
				CD7ADCAF2CBA7A4500DFB7F4 /* WeathreForecasting */,
				CD7ADCBF2CBA7A4600DFB7F4 /* WeathreForecastingTests */,
				CD7ADCC92CBA7A4600DFB7F4 /* WeathreForecastingUITests */,
			);
		};
/* End PBXProject section */

/* Begin PBXResourcesBuildPhase section */
		CD7ADCAE2CBA7A4500DFB7F4 /* Resources */ = {
			isa = PBXResourcesBuildPhase;
			buildActionMask = 2147483647;
			files = (
				CD7ADCBB2CBA7A4600DFB7F4 /* Preview Assets.xcassets in Resources */,
				CD7ADCB82CBA7A4600DFB7F4 /* Assets.xcassets in Resources */,
			);
			runOnlyForDeploymentPostprocessing = 0;
		};
		CD7ADCBE2CBA7A4600DFB7F4 /* Resources */ = {
			isa = PBXResourcesBuildPhase;
			buildActionMask = 2147483647;
			files = (
			);
			runOnlyForDeploymentPostprocessing = 0;
		};
		CD7ADCC82CBA7A4600DFB7F4 /* Resources */ = {
			isa = PBXResourcesBuildPhase;
			buildActionMask = 2147483647;
			files = (
			);
			runOnlyForDeploymentPostprocessing = 0;
		};
/* End PBXResourcesBuildPhase section */

/* Begin PBXSourcesBuildPhase section */
		CD7ADCAC2CBA7A4500DFB7F4 /* Sources */ = {
			isa = PBXSourcesBuildPhase;
			buildActionMask = 2147483647;
			files = (
				CD7ADD0C2CBA838B00DFB7F4 /* CurrentWeatherDisplay.swift in Sources */,
				CD7ADCF62CBA7C1100DFB7F4 /* WeatherViewModel.swift in Sources */,
				CD7ADCE12CBA7AB900DFB7F4 /* CurrentWeatherView.swift in Sources */,
				CD7ADCEE2CBA7B8400DFB7F4 /* DailyForecast.swift in Sources */,
				CD7ADD0E2CBA83A300DFB7F4 /* DailyForeCastList.swift in Sources */,
				CD7ADD102CBA83DF00DFB7F4 /* FiveDayForecastView.swift in Sources */,
				CD7ADD062CBA812400DFB7F4 /* MainWeather.swift in Sources */,
				CD7ADD312CBA986200DFB7F4 /* NetworkMonitoringProtocol.swift in Sources */,
				CD7ADD082CBA814600DFB7F4 /* Weather.swift in Sources */,
				CD7ADD302CBA986200DFB7F4 /* WeatherServiceProtocol.swift in Sources */,
				CD7ADCEA2CBA7B6700DFB7F4 /* CurrentWeather.swift in Sources */,
				CD7ADCF32CBA7BE300DFB7F4 /* WeatherService.swift in Sources */,
				CD7ADD042CBA80E500DFB7F4 /* WeatherResponse.swift in Sources */,
				CD7ADCE82CBA7B4200DFB7F4 /* WeatherData.swift in Sources */,
				CD7ADCEC2CBA7B7500DFB7F4 /* Forecast.swift in Sources */,
				CD7ADD172CBA8C3800DFB7F4 /* CacheManager.swift in Sources */,
				CD7ADCE52CBA7AF300DFB7F4 /* ContentView.swift in Sources */,
				CD7ADCE32CBA7ACF00DFB7F4 /* SearchBar.swift in Sources */,
				CD7ADCB42CBA7A4500DFB7F4 /* WeathreForecastingApp.swift in Sources */,
				CD7ADD2C2CBA97F100DFB7F4 /* URLSessionProtocol.swift in Sources */,
				CD7ADD0A2CBA816700DFB7F4 /* City.swift in Sources */,
				CD7ADD132CBA841D00DFB7F4 /* Utilities.swift in Sources */,
				CD7ADCDF2CBA7A9200DFB7F4 /* ForecastView.swift in Sources */,
			);
			runOnlyForDeploymentPostprocessing = 0;
		};
		CD7ADCBC2CBA7A4600DFB7F4 /* Sources */ = {
			isa = PBXSourcesBuildPhase;
			buildActionMask = 2147483647;
			files = (
				CD7ADD282CBA978200DFB7F4 /* MockUrlSession.swift in Sources */,
				CD7ADD022CBA7EC900DFB7F4 /* WeatherViewModelTests.swift in Sources */,
				CD7ADD2A2CBA978200DFB7F4 /* MockNetworkMonitor.swift in Sources */,
				CD7ADD012CBA7EC900DFB7F4 /* WeatherServiceTest.swift in Sources */,
				CD7ADD272CBA978200DFB7F4 /* MockWeatherService.swift in Sources */,
				CD7ADD192CBA8D2500DFB7F4 /* CacheManagerTests.swift in Sources */,
				CD7ADD292CBA978200DFB7F4 /* MockDataTaskPublisher.swift in Sources */,
			);
			runOnlyForDeploymentPostprocessing = 0;
		};
		CD7ADCC62CBA7A4600DFB7F4 /* Sources */ = {
			isa = PBXSourcesBuildPhase;
			buildActionMask = 2147483647;
			files = (
				CD7ADD332CBA9F6700DFB7F4 /* DailyForecastListTests.swift in Sources */,
				CD7ADD152CBA89E700DFB7F4 /* WeatherAppUITests.swift in Sources */,
				CD7ADCD12CBA7A4600DFB7F4 /* WeathreForecastingUITestsLaunchTests.swift in Sources */,
			);
			runOnlyForDeploymentPostprocessing = 0;
		};
/* End PBXSourcesBuildPhase section */

/* Begin PBXTargetDependency section */
		CD7ADCC22CBA7A4600DFB7F4 /* PBXTargetDependency */ = {
			isa = PBXTargetDependency;
			target = CD7ADCAF2CBA7A4500DFB7F4 /* WeathreForecasting */;
			targetProxy = CD7ADCC12CBA7A4600DFB7F4 /* PBXContainerItemProxy */;
		};
		CD7ADCCC2CBA7A4600DFB7F4 /* PBXTargetDependency */ = {
			isa = PBXTargetDependency;
			target = CD7ADCAF2CBA7A4500DFB7F4 /* WeathreForecasting */;
			targetProxy = CD7ADCCB2CBA7A4600DFB7F4 /* PBXContainerItemProxy */;
		};
/* End PBXTargetDependency section */

/* Begin XCBuildConfiguration section */
		CD7ADCD22CBA7A4600DFB7F4 /* Debug */ = {
			isa = XCBuildConfiguration;
			buildSettings = {
				ALWAYS_SEARCH_USER_PATHS = NO;
				ASSETCATALOG_COMPILER_GENERATE_SWIFT_ASSET_SYMBOL_EXTENSIONS = YES;
				CLANG_ANALYZER_NONNULL = YES;
				CLANG_ANALYZER_NUMBER_OBJECT_CONVERSION = YES_AGGRESSIVE;
				CLANG_CXX_LANGUAGE_STANDARD = "gnu++20";
				CLANG_ENABLE_MODULES = YES;
				CLANG_ENABLE_OBJC_ARC = YES;
				CLANG_ENABLE_OBJC_WEAK = YES;
				CLANG_WARN_BLOCK_CAPTURE_AUTORELEASING = YES;
				CLANG_WARN_BOOL_CONVERSION = YES;
				CLANG_WARN_COMMA = YES;
				CLANG_WARN_CONSTANT_CONVERSION = YES;
				CLANG_WARN_DEPRECATED_OBJC_IMPLEMENTATIONS = YES;
				CLANG_WARN_DIRECT_OBJC_ISA_USAGE = YES_ERROR;
				CLANG_WARN_DOCUMENTATION_COMMENTS = YES;
				CLANG_WARN_EMPTY_BODY = YES;
				CLANG_WARN_ENUM_CONVERSION = YES;
				CLANG_WARN_INFINITE_RECURSION = YES;
				CLANG_WARN_INT_CONVERSION = YES;
				CLANG_WARN_NON_LITERAL_NULL_CONVERSION = YES;
				CLANG_WARN_OBJC_IMPLICIT_RETAIN_SELF = YES;
				CLANG_WARN_OBJC_LITERAL_CONVERSION = YES;
				CLANG_WARN_OBJC_ROOT_CLASS = YES_ERROR;
				CLANG_WARN_QUOTED_INCLUDE_IN_FRAMEWORK_HEADER = YES;
				CLANG_WARN_RANGE_LOOP_ANALYSIS = YES;
				CLANG_WARN_STRICT_PROTOTYPES = YES;
				CLANG_WARN_SUSPICIOUS_MOVE = YES;
				CLANG_WARN_UNGUARDED_AVAILABILITY = YES_AGGRESSIVE;
				CLANG_WARN_UNREACHABLE_CODE = YES;
				CLANG_WARN__DUPLICATE_METHOD_MATCH = YES;
				COPY_PHASE_STRIP = NO;
				DEBUG_INFORMATION_FORMAT = dwarf;
				ENABLE_STRICT_OBJC_MSGSEND = YES;
				ENABLE_TESTABILITY = YES;
				ENABLE_USER_SCRIPT_SANDBOXING = YES;
				GCC_C_LANGUAGE_STANDARD = gnu17;
				GCC_DYNAMIC_NO_PIC = NO;
				GCC_NO_COMMON_BLOCKS = YES;
				GCC_OPTIMIZATION_LEVEL = 0;
				GCC_PREPROCESSOR_DEFINITIONS = (
					"DEBUG=1",
					"$(inherited)",
				);
				GCC_WARN_64_TO_32_BIT_CONVERSION = YES;
				GCC_WARN_ABOUT_RETURN_TYPE = YES_ERROR;
				GCC_WARN_UNDECLARED_SELECTOR = YES;
				GCC_WARN_UNINITIALIZED_AUTOS = YES_AGGRESSIVE;
				GCC_WARN_UNUSED_FUNCTION = YES;
				GCC_WARN_UNUSED_VARIABLE = YES;
				IPHONEOS_DEPLOYMENT_TARGET = 17.2;
				LOCALIZATION_PREFERS_STRING_CATALOGS = YES;
				MTL_ENABLE_DEBUG_INFO = INCLUDE_SOURCE;
				MTL_FAST_MATH = YES;
				ONLY_ACTIVE_ARCH = YES;
				SDKROOT = iphoneos;
				SWIFT_ACTIVE_COMPILATION_CONDITIONS = "DEBUG $(inherited)";
				SWIFT_OPTIMIZATION_LEVEL = "-Onone";
			};
			name = Debug;
		};
		CD7ADCD32CBA7A4600DFB7F4 /* Release */ = {
			isa = XCBuildConfiguration;
			buildSettings = {
				ALWAYS_SEARCH_USER_PATHS = NO;
				ASSETCATALOG_COMPILER_GENERATE_SWIFT_ASSET_SYMBOL_EXTENSIONS = YES;
				CLANG_ANALYZER_NONNULL = YES;
				CLANG_ANALYZER_NUMBER_OBJECT_CONVERSION = YES_AGGRESSIVE;
				CLANG_CXX_LANGUAGE_STANDARD = "gnu++20";
				CLANG_ENABLE_MODULES = YES;
				CLANG_ENABLE_OBJC_ARC = YES;
				CLANG_ENABLE_OBJC_WEAK = YES;
				CLANG_WARN_BLOCK_CAPTURE_AUTORELEASING = YES;
				CLANG_WARN_BOOL_CONVERSION = YES;
				CLANG_WARN_COMMA = YES;
				CLANG_WARN_CONSTANT_CONVERSION = YES;
				CLANG_WARN_DEPRECATED_OBJC_IMPLEMENTATIONS = YES;
				CLANG_WARN_DIRECT_OBJC_ISA_USAGE = YES_ERROR;
				CLANG_WARN_DOCUMENTATION_COMMENTS = YES;
				CLANG_WARN_EMPTY_BODY = YES;
				CLANG_WARN_ENUM_CONVERSION = YES;
				CLANG_WARN_INFINITE_RECURSION = YES;
				CLANG_WARN_INT_CONVERSION = YES;
				CLANG_WARN_NON_LITERAL_NULL_CONVERSION = YES;
				CLANG_WARN_OBJC_IMPLICIT_RETAIN_SELF = YES;
				CLANG_WARN_OBJC_LITERAL_CONVERSION = YES;
				CLANG_WARN_OBJC_ROOT_CLASS = YES_ERROR;
				CLANG_WARN_QUOTED_INCLUDE_IN_FRAMEWORK_HEADER = YES;
				CLANG_WARN_RANGE_LOOP_ANALYSIS = YES;
				CLANG_WARN_STRICT_PROTOTYPES = YES;
				CLANG_WARN_SUSPICIOUS_MOVE = YES;
				CLANG_WARN_UNGUARDED_AVAILABILITY = YES_AGGRESSIVE;
				CLANG_WARN_UNREACHABLE_CODE = YES;
				CLANG_WARN__DUPLICATE_METHOD_MATCH = YES;
				COPY_PHASE_STRIP = NO;
				DEBUG_INFORMATION_FORMAT = "dwarf-with-dsym";
				ENABLE_NS_ASSERTIONS = NO;
				ENABLE_STRICT_OBJC_MSGSEND = YES;
				ENABLE_USER_SCRIPT_SANDBOXING = YES;
				GCC_C_LANGUAGE_STANDARD = gnu17;
				GCC_NO_COMMON_BLOCKS = YES;
				GCC_WARN_64_TO_32_BIT_CONVERSION = YES;
				GCC_WARN_ABOUT_RETURN_TYPE = YES_ERROR;
				GCC_WARN_UNDECLARED_SELECTOR = YES;
				GCC_WARN_UNINITIALIZED_AUTOS = YES_AGGRESSIVE;
				GCC_WARN_UNUSED_FUNCTION = YES;
				GCC_WARN_UNUSED_VARIABLE = YES;
				IPHONEOS_DEPLOYMENT_TARGET = 17.2;
				LOCALIZATION_PREFERS_STRING_CATALOGS = YES;
				MTL_ENABLE_DEBUG_INFO = NO;
				MTL_FAST_MATH = YES;
				SDKROOT = iphoneos;
				SWIFT_COMPILATION_MODE = wholemodule;
				VALIDATE_PRODUCT = YES;
			};
			name = Release;
		};
		CD7ADCD52CBA7A4600DFB7F4 /* Debug */ = {
			isa = XCBuildConfiguration;
			buildSettings = {
				ASSETCATALOG_COMPILER_APPICON_NAME = AppIcon;
				ASSETCATALOG_COMPILER_GLOBAL_ACCENT_COLOR_NAME = AccentColor;
				CODE_SIGN_STYLE = Automatic;
				CURRENT_PROJECT_VERSION = 1;
				DEVELOPMENT_ASSET_PATHS = "\"WeathreForecasting/Preview Content\"";
				DEVELOPMENT_TEAM = Q5FKB2G6Y8;
				ENABLE_PREVIEWS = YES;
				GENERATE_INFOPLIST_FILE = YES;
				INFOPLIST_KEY_UIApplicationSceneManifest_Generation = YES;
				INFOPLIST_KEY_UIApplicationSupportsIndirectInputEvents = YES;
				INFOPLIST_KEY_UILaunchScreen_Generation = YES;
				INFOPLIST_KEY_UISupportedInterfaceOrientations_iPad = "UIInterfaceOrientationPortrait UIInterfaceOrientationPortraitUpsideDown UIInterfaceOrientationLandscapeLeft UIInterfaceOrientationLandscapeRight";
				INFOPLIST_KEY_UISupportedInterfaceOrientations_iPhone = "UIInterfaceOrientationPortrait UIInterfaceOrientationLandscapeLeft UIInterfaceOrientationLandscapeRight";
				IPHONEOS_DEPLOYMENT_TARGET = 16;
				LD_RUNPATH_SEARCH_PATHS = (
					"$(inherited)",
					"@executable_path/Frameworks",
				);
				MARKETING_VERSION = 1.0;
				PRODUCT_BUNDLE_IDENTIFIER = com.saj.WeathreForecasting;
				PRODUCT_NAME = "$(TARGET_NAME)";
				SWIFT_EMIT_LOC_STRINGS = YES;
				SWIFT_VERSION = 5.0;
				TARGETED_DEVICE_FAMILY = "1,2";
			};
			name = Debug;
		};
		CD7ADCD62CBA7A4600DFB7F4 /* Release */ = {
			isa = XCBuildConfiguration;
			buildSettings = {
				ASSETCATALOG_COMPILER_APPICON_NAME = AppIcon;
				ASSETCATALOG_COMPILER_GLOBAL_ACCENT_COLOR_NAME = AccentColor;
				CODE_SIGN_STYLE = Automatic;
				CURRENT_PROJECT_VERSION = 1;
				DEVELOPMENT_ASSET_PATHS = "\"WeathreForecasting/Preview Content\"";
				DEVELOPMENT_TEAM = Q5FKB2G6Y8;
				ENABLE_PREVIEWS = YES;
				GENERATE_INFOPLIST_FILE = YES;
				INFOPLIST_KEY_UIApplicationSceneManifest_Generation = YES;
				INFOPLIST_KEY_UIApplicationSupportsIndirectInputEvents = YES;
				INFOPLIST_KEY_UILaunchScreen_Generation = YES;
				INFOPLIST_KEY_UISupportedInterfaceOrientations_iPad = "UIInterfaceOrientationPortrait UIInterfaceOrientationPortraitUpsideDown UIInterfaceOrientationLandscapeLeft UIInterfaceOrientationLandscapeRight";
				INFOPLIST_KEY_UISupportedInterfaceOrientations_iPhone = "UIInterfaceOrientationPortrait UIInterfaceOrientationLandscapeLeft UIInterfaceOrientationLandscapeRight";
				IPHONEOS_DEPLOYMENT_TARGET = 16;
				LD_RUNPATH_SEARCH_PATHS = (
					"$(inherited)",
					"@executable_path/Frameworks",
				);
				MARKETING_VERSION = 1.0;
				PRODUCT_BUNDLE_IDENTIFIER = com.saj.WeathreForecasting;
				PRODUCT_NAME = "$(TARGET_NAME)";
				SWIFT_EMIT_LOC_STRINGS = YES;
				SWIFT_VERSION = 5.0;
				TARGETED_DEVICE_FAMILY = "1,2";
			};
			name = Release;
		};
		CD7ADCD82CBA7A4600DFB7F4 /* Debug */ = {
			isa = XCBuildConfiguration;
			buildSettings = {
				ALWAYS_EMBED_SWIFT_STANDARD_LIBRARIES = YES;
				BUNDLE_LOADER = "$(TEST_HOST)";
				CODE_SIGN_STYLE = Automatic;
				CURRENT_PROJECT_VERSION = 1;
				DEVELOPMENT_TEAM = Q5FKB2G6Y8;
				GENERATE_INFOPLIST_FILE = YES;
				IPHONEOS_DEPLOYMENT_TARGET = 16;
				MARKETING_VERSION = 1.0;
				PRODUCT_BUNDLE_IDENTIFIER = com.saj.WeathreForecastingTests;
				PRODUCT_NAME = "$(TARGET_NAME)";
				SUPPORTED_PLATFORMS = "iphoneos iphonesimulator";
				SUPPORTS_MACCATALYST = NO;
				SWIFT_EMIT_LOC_STRINGS = NO;
				SWIFT_VERSION = 5.0;
				TARGETED_DEVICE_FAMILY = "1,2";
				TEST_HOST = "$(BUILT_PRODUCTS_DIR)/WeathreForecasting.app/$(BUNDLE_EXECUTABLE_FOLDER_PATH)/WeathreForecasting";
			};
			name = Debug;
		};
		CD7ADCD92CBA7A4600DFB7F4 /* Release */ = {
			isa = XCBuildConfiguration;
			buildSettings = {
				ALWAYS_EMBED_SWIFT_STANDARD_LIBRARIES = YES;
				BUNDLE_LOADER = "$(TEST_HOST)";
				CODE_SIGN_STYLE = Automatic;
				CURRENT_PROJECT_VERSION = 1;
				DEVELOPMENT_TEAM = Q5FKB2G6Y8;
				GENERATE_INFOPLIST_FILE = YES;
				IPHONEOS_DEPLOYMENT_TARGET = 16;
				MARKETING_VERSION = 1.0;
				PRODUCT_BUNDLE_IDENTIFIER = com.saj.WeathreForecastingTests;
				PRODUCT_NAME = "$(TARGET_NAME)";
				SUPPORTED_PLATFORMS = "iphoneos iphonesimulator";
				SUPPORTS_MACCATALYST = NO;
				SWIFT_EMIT_LOC_STRINGS = NO;
				SWIFT_VERSION = 5.0;
				TARGETED_DEVICE_FAMILY = "1,2";
				TEST_HOST = "$(BUILT_PRODUCTS_DIR)/WeathreForecasting.app/$(BUNDLE_EXECUTABLE_FOLDER_PATH)/WeathreForecasting";
			};
			name = Release;
		};
		CD7ADCDB2CBA7A4600DFB7F4 /* Debug */ = {
			isa = XCBuildConfiguration;
			buildSettings = {
				ALWAYS_EMBED_SWIFT_STANDARD_LIBRARIES = YES;
				CODE_SIGN_STYLE = Automatic;
				CURRENT_PROJECT_VERSION = 1;
				DEVELOPMENT_TEAM = Q5FKB2G6Y8;
				GENERATE_INFOPLIST_FILE = YES;
				IPHONEOS_DEPLOYMENT_TARGET = 16;
				MARKETING_VERSION = 1.0;
				PRODUCT_BUNDLE_IDENTIFIER = com.saj.WeathreForecastingUITests;
				PRODUCT_NAME = "$(TARGET_NAME)";
				SUPPORTED_PLATFORMS = "iphoneos iphonesimulator";
				SUPPORTS_MACCATALYST = NO;
				SWIFT_EMIT_LOC_STRINGS = NO;
				SWIFT_VERSION = 5.0;
				TARGETED_DEVICE_FAMILY = "1,2";
				TEST_TARGET_NAME = WeathreForecasting;
			};
			name = Debug;
		};
		CD7ADCDC2CBA7A4600DFB7F4 /* Release */ = {
			isa = XCBuildConfiguration;
			buildSettings = {
				ALWAYS_EMBED_SWIFT_STANDARD_LIBRARIES = YES;
				CODE_SIGN_STYLE = Automatic;
				CURRENT_PROJECT_VERSION = 1;
				DEVELOPMENT_TEAM = Q5FKB2G6Y8;
				GENERATE_INFOPLIST_FILE = YES;
				IPHONEOS_DEPLOYMENT_TARGET = 16;
				MARKETING_VERSION = 1.0;
				PRODUCT_BUNDLE_IDENTIFIER = com.saj.WeathreForecastingUITests;
				PRODUCT_NAME = "$(TARGET_NAME)";
				SUPPORTED_PLATFORMS = "iphoneos iphonesimulator";
				SUPPORTS_MACCATALYST = NO;
				SWIFT_EMIT_LOC_STRINGS = NO;
				SWIFT_VERSION = 5.0;
				TARGETED_DEVICE_FAMILY = "1,2";
				TEST_TARGET_NAME = WeathreForecasting;
			};
			name = Release;
		};
/* End XCBuildConfiguration section */

/* Begin XCConfigurationList section */
		CD7ADCAB2CBA7A4500DFB7F4 /* Build configuration list for PBXProject "WeathreForecasting" */ = {
			isa = XCConfigurationList;
			buildConfigurations = (
				CD7ADCD22CBA7A4600DFB7F4 /* Debug */,
				CD7ADCD32CBA7A4600DFB7F4 /* Release */,
			);
			defaultConfigurationIsVisible = 0;
			defaultConfigurationName = Release;
		};
		CD7ADCD42CBA7A4600DFB7F4 /* Build configuration list for PBXNativeTarget "WeathreForecasting" */ = {
			isa = XCConfigurationList;
			buildConfigurations = (
				CD7ADCD52CBA7A4600DFB7F4 /* Debug */,
				CD7ADCD62CBA7A4600DFB7F4 /* Release */,
			);
			defaultConfigurationIsVisible = 0;
			defaultConfigurationName = Release;
		};
		CD7ADCD72CBA7A4600DFB7F4 /* Build configuration list for PBXNativeTarget "WeathreForecastingTests" */ = {
			isa = XCConfigurationList;
			buildConfigurations = (
				CD7ADCD82CBA7A4600DFB7F4 /* Debug */,
				CD7ADCD92CBA7A4600DFB7F4 /* Release */,
			);
			defaultConfigurationIsVisible = 0;
			defaultConfigurationName = Release;
		};
		CD7ADCDA2CBA7A4600DFB7F4 /* Build configuration list for PBXNativeTarget "WeathreForecastingUITests" */ = {
			isa = XCConfigurationList;
			buildConfigurations = (
				CD7ADCDB2CBA7A4600DFB7F4 /* Debug */,
				CD7ADCDC2CBA7A4600DFB7F4 /* Release */,
			);
			defaultConfigurationIsVisible = 0;
			defaultConfigurationName = Release;
		};
/* End XCConfigurationList section */
	};
	rootObject = CD7ADCA82CBA7A4500DFB7F4 /* Project object */;
}
