// !$*UTF8*$!
{
	archiveVersion = 1;
	classes = {
	};
	objectVersion = 56;
	objects = {

/* Begin PBXBuildFile section */
		CD7ADCB42CBA7A4500DFB7F4 /* WeathreForecastingApp.swift in Sources */ = {isa = PBXBuildFile; fileRef = CD7ADCB32CBA7A4500DFB7F4 /* WeathreForecastingApp.swift */; };
		CD7ADCB62CBA7A4500DFB7F4 /* ContentView.swift in Sources */ = {isa = PBXBuildFile; fileRef = CD7ADCB52CBA7A4500DFB7F4 /* ContentView.swift */; };
		CD7ADCB82CBA7A4600DFB7F4 /* Assets.xcassets in Resources */ = {isa = PBXBuildFile; fileRef = CD7ADCB72CBA7A4600DFB7F4 /* Assets.xcassets */; };
		CD7ADCBB2CBA7A4600DFB7F4 /* Preview Assets.xcassets in Resources */ = {isa = PBXBuildFile; fileRef = CD7ADCBA2CBA7A4600DFB7F4 /* Preview Assets.xcassets */; };
		CD7ADCC52CBA7A4600DFB7F4 /* WeathreForecastingTests.swift in Sources */ = {isa = PBXBuildFile; fileRef = CD7ADCC42CBA7A4600DFB7F4 /* WeathreForecastingTests.swift */; };
		CD7ADCCF2CBA7A4600DFB7F4 /* WeathreForecastingUITests.swift in Sources */ = {isa = PBXBuildFile; fileRef = CD7ADCCE2CBA7A4600DFB7F4 /* WeathreForecastingUITests.swift */; };
		CD7ADCD12CBA7A4600DFB7F4 /* WeathreForecastingUITestsLaunchTests.swift in Sources */ = {isa = PBXBuildFile; fileRef = CD7ADCD02CBA7A4600DFB7F4 /* WeathreForecastingUITestsLaunchTests.swift */; };
/* End PBXBuildFile section */

/* Begin PBXContainerItemProxy section */
		CD7ADCC12CBA7A4600DFB7F4 /* PBXContainerItemProxy */ = {
			isa = PBXContainerItemProxy;
			containerPortal = CD7ADCA82CBA7A4500DFB7F4 /* Project object */;
			proxyType = 1;
			remoteGlobalIDString = CD7ADCAF2CBA7A4500DFB7F4;
			remoteInfo = WeathreForecasting;
		};
		CD7ADCCB2CBA7A4600DFB7F4 /* PBXContainerItemProxy */ = {
			isa = PBXContainerItemProxy;
			containerPortal = CD7ADCA82CBA7A4500DFB7F4 /* Project object */;
			proxyType = 1;
			remoteGlobalIDString = CD7ADCAF2CBA7A4500DFB7F4;
			remoteInfo = WeathreForecasting;
		};
/* End PBXContainerItemProxy section */

/* Begin PBXFileReference section */
		CD7ADCB02CBA7A4500DFB7F4 /* WeathreForecasting.app */ = {isa = PBXFileReference; explicitFileType = wrapper.application; includeInIndex = 0; path = WeathreForecasting.app; sourceTree = BUILT_PRODUCTS_DIR; };
		CD7ADCB32CBA7A4500DFB7F4 /* WeathreForecastingApp.swift */ = {isa = PBXFileReference; lastKnownFileType = sourcecode.swift; path = WeathreForecastingApp.swift; sourceTree = "<group>"; };
		CD7ADCB52CBA7A4500DFB7F4 /* ContentView.swift */ = {isa = PBXFileReference; lastKnownFileType = sourcecode.swift; path = ContentView.swift; sourceTree = "<group>"; };
		CD7ADCB72CBA7A4600DFB7F4 /* Assets.xcassets */ = {isa = PBXFileReference; lastKnownFileType = folder.assetcatalog; path = Assets.xcassets; sourceTree = "<group>"; };
		CD7ADCBA2CBA7A4600DFB7F4 /* Preview Assets.xcassets */ = {isa = PBXFileReference; lastKnownFileType = folder.assetcatalog; path = "Preview Assets.xcassets"; sourceTree = "<group>"; };
		CD7ADCC02CBA7A4600DFB7F4 /* WeathreForecastingTests.xctest */ = {isa = PBXFileReference; explicitFileType = wrapper.cfbundle; includeInIndex = 0; path = WeathreForecastingTests.xctest; sourceTree = BUILT_PRODUCTS_DIR; };
		CD7ADCC42CBA7A4600DFB7F4 /* WeathreForecastingTests.swift */ = {isa = PBXFileReference; lastKnownFileType = sourcecode.swift; path = WeathreForecastingTests.swift; sourceTree = "<group>"; };
		CD7ADCCA2CBA7A4600DFB7F4 /* WeathreForecastingUITests.xctest */ = {isa = PBXFileReference; explicitFileType = wrapper.cfbundle; includeInIndex = 0; path = WeathreForecastingUITests.xctest; sourceTree = BUILT_PRODUCTS_DIR; };
		CD7ADCCE2CBA7A4600DFB7F4 /* WeathreForecastingUITests.swift */ = {isa = PBXFileReference; lastKnownFileType = sourcecode.swift; path = WeathreForecastingUITests.swift; sourceTree = "<group>"; };
		CD7ADCD02CBA7A4600DFB7F4 /* WeathreForecastingUITestsLaunchTests.swift */ = {isa = PBXFileReference; lastKnownFileType = sourcecode.swift; path = WeathreForecastingUITestsLaunchTests.swift; sourceTree = "<group>"; };
/* End PBXFileReference section */

/* Begin PBXFrameworksBuildPhase section */
		CD7ADCAD2CBA7A4500DFB7F4 /* Frameworks */ = {
			isa = PBXFrameworksBuildPhase;
			buildActionMask = 2147483647;
			files = (
			);
			runOnlyForDeploymentPostprocessing = 0;
		};
		CD7ADCBD2CBA7A4600DFB7F4 /* Frameworks */ = {
			isa = PBXFrameworksBuildPhase;
			buildActionMask = 2147483647;
			files = (
			);
			runOnlyForDeploymentPostprocessing = 0;
		};
		CD7ADCC72CBA7A4600DFB7F4 /* Frameworks */ = {
			isa = PBXFrameworksBuildPhase;
			buildActionMask = 2147483647;
			files = (
			);
			runOnlyForDeploymentPostprocessing = 0;
		};
/* End PBXFrameworksBuildPhase section */

/* Begin PBXGroup section */
		CD7ADCA72CBA7A4500DFB7F4 = {
			isa = PBXGroup;
			children = (
				CD7ADCB22CBA7A4500DFB7F4 /* WeathreForecasting */,
				CD7ADCC32CBA7A4600DFB7F4 /* WeathreForecastingTests */,
				CD7ADCCD2CBA7A4600DFB7F4 /* WeathreForecastingUITests */,
				CD7ADCB12CBA7A4500DFB7F4 /* Products */,
			);
			sourceTree = "<group>";
		};
		CD7ADCB12CBA7A4500DFB7F4 /* Products */ = {
			isa = PBXGroup;
			children = (
				CD7ADCB02CBA7A4500DFB7F4 /* WeathreForecasting.app */,
				CD7ADCC02CBA7A4600DFB7F4 /* WeathreForecastingTests.xctest */,
				CD7ADCCA2CBA7A4600DFB7F4 /* WeathreForecastingUITests.xctest */,
			);
			name = Products;
			sourceTree = "<group>";
		};
		CD7ADCB22CBA7A4500DFB7F4 /* WeathreForecasting */ = {
			isa = PBXGroup;
			children = (
				CD7ADCB32CBA7A4500DFB7F4 /* WeathreForecastingApp.swift */,
				CD7ADCB52CBA7A4500DFB7F4 /* ContentView.swift */,
				CD7ADCB72CBA7A4600DFB7F4 /* Assets.xcassets */,
				CD7ADCB92CBA7A4600DFB7F4 /* Preview Content */,
			);
			path = WeathreForecasting;
			sourceTree = "<group>";
		};
		CD7ADCB92CBA7A4600DFB7F4 /* Preview Content */ = {
			isa = PBXGroup;
			children = (
				CD7ADCBA2CBA7A4600DFB7F4 /* Preview Assets.xcassets */,
			);
			path = "Preview Content";
			sourceTree = "<group>";
		};
		CD7ADCC32CBA7A4600DFB7F4 /* WeathreForecastingTests */ = {
			isa = PBXGroup;
			children = (
				CD7ADCC42CBA7A4600DFB7F4 /* WeathreForecastingTests.swift */,
			);
			path = WeathreForecastingTests;
			sourceTree = "<group>";
		};
		CD7ADCCD2CBA7A4600DFB7F4 /* WeathreForecastingUITests */ = {
			isa = PBXGroup;
			children = (
				CD7ADCCE2CBA7A4600DFB7F4 /* WeathreForecastingUITests.swift */,
				CD7ADCD02CBA7A4600DFB7F4 /* WeathreForecastingUITestsLaunchTests.swift */,
			);
			path = WeathreForecastingUITests;
			sourceTree = "<group>";
		};
/* End PBXGroup section */

/* Begin PBXNativeTarget section */
		CD7ADCAF2CBA7A4500DFB7F4 /* WeathreForecasting */ = {
			isa = PBXNativeTarget;
			buildConfigurationList = CD7ADCD42CBA7A4600DFB7F4 /* Build configuration list for PBXNativeTarget "WeathreForecasting" */;
			buildPhases = (
				CD7ADCAC2CBA7A4500DFB7F4 /* Sources */,
				CD7ADCAD2CBA7A4500DFB7F4 /* Frameworks */,
				CD7ADCAE2CBA7A4500DFB7F4 /* Resources */,
			);
			buildRules = (
			);
			dependencies = (
			);
			name = WeathreForecasting;
			productName = WeathreForecasting;
			productReference = CD7ADCB02CBA7A4500DFB7F4 /* WeathreForecasting.app */;
			productType = "com.apple.product-type.application";
		};
		CD7ADCBF2CBA7A4600DFB7F4 /* WeathreForecastingTests */ = {
			isa = PBXNativeTarget;
			buildConfigurationList = CD7ADCD72CBA7A4600DFB7F4 /* Build configuration list for PBXNativeTarget "WeathreForecastingTests" */;
			buildPhases = (
				CD7ADCBC2CBA7A4600DFB7F4 /* Sources */,
				CD7ADCBD2CBA7A4600DFB7F4 /* Frameworks */,
				CD7ADCBE2CBA7A4600DFB7F4 /* Resources */,
			);
			buildRules = (
			);
			dependencies = (
				CD7ADCC22CBA7A4600DFB7F4 /* PBXTargetDependency */,
			);
			name = WeathreForecastingTests;
			productName = WeathreForecastingTests;
			productReference = CD7ADCC02CBA7A4600DFB7F4 /* WeathreForecastingTests.xctest */;
			productType = "com.apple.product-type.bundle.unit-test";
		};
		CD7ADCC92CBA7A4600DFB7F4 /* WeathreForecastingUITests */ = {
			isa = PBXNativeTarget;
			buildConfigurationList = CD7ADCDA2CBA7A4600DFB7F4 /* Build configuration list for PBXNativeTarget "WeathreForecastingUITests" */;
			buildPhases = (
				CD7ADCC62CBA7A4600DFB7F4 /* Sources */,
				CD7ADCC72CBA7A4600DFB7F4 /* Frameworks */,
				CD7ADCC82CBA7A4600DFB7F4 /* Resources */,
			);
			buildRules = (
			);
			dependencies = (
				CD7ADCCC2CBA7A4600DFB7F4 /* PBXTargetDependency */,
			);
			name = WeathreForecastingUITests;
			productName = WeathreForecastingUITests;
			productReference = CD7ADCCA2CBA7A4600DFB7F4 /* WeathreForecastingUITests.xctest */;
			productType = "com.apple.product-type.bundle.ui-testing";
		};
/* End PBXNativeTarget section */

/* Begin PBXProject section */
		CD7ADCA82CBA7A4500DFB7F4 /* Project object */ = {
			isa = PBXProject;
			attributes = {
				BuildIndependentTargetsInParallel = 1;
				LastSwiftUpdateCheck = 1510;
				LastUpgradeCheck = 1510;
				TargetAttributes = {
					CD7ADCAF2CBA7A4500DFB7F4 = {
						CreatedOnToolsVersion = 15.1;
					};
					CD7ADCBF2CBA7A4600DFB7F4 = {
						CreatedOnToolsVersion = 15.1;
						TestTargetID = CD7ADCAF2CBA7A4500DFB7F4;
					};
					CD7ADCC92CBA7A4600DFB7F4 = {
						CreatedOnToolsVersion = 15.1;
						TestTargetID = CD7ADCAF2CBA7A4500DFB7F4;
					};
				};
			};
			buildConfigurationList = CD7ADCAB2CBA7A4500DFB7F4 /* Build configuration list for PBXProject "WeathreForecasting" */;
			compatibilityVersion = "Xcode 14.0";
			developmentRegion = en;
			hasScannedForEncodings = 0;
			knownRegions = (
				en,
				Base,
			);
			mainGroup = CD7ADCA72CBA7A4500DFB7F4;
			productRefGroup = CD7ADCB12CBA7A4500DFB7F4 /* Products */;
			projectDirPath = "";
			projectRoot = "";
			targets = (
				CD7ADCAF2CBA7A4500DFB7F4 /* WeathreForecasting */,
				CD7ADCBF2CBA7A4600DFB7F4 /* WeathreForecastingTests */,
				CD7ADCC92CBA7A4600DFB7F4 /* WeathreForecastingUITests */,
			);
		};
/* End PBXProject section */

/* Begin PBXResourcesBuildPhase section */
		CD7ADCAE2CBA7A4500DFB7F4 /* Resources */ = {
			isa = PBXResourcesBuildPhase;
			buildActionMask = 2147483647;
			files = (
				CD7ADCBB2CBA7A4600DFB7F4 /* Preview Assets.xcassets in Resources */,
				CD7ADCB82CBA7A4600DFB7F4 /* Assets.xcassets in Resources */,
			);
			runOnlyForDeploymentPostprocessing = 0;
		};
		CD7ADCBE2CBA7A4600DFB7F4 /* Resources */ = {
			isa = PBXResourcesBuildPhase;
			buildActionMask = 2147483647;
			files = (
			);
			runOnlyForDeploymentPostprocessing = 0;
		};
		CD7ADCC82CBA7A4600DFB7F4 /* Resources */ = {
			isa = PBXResourcesBuildPhase;
			buildActionMask = 2147483647;
			files = (
			);
			runOnlyForDeploymentPostprocessing = 0;
		};
/* End PBXResourcesBuildPhase section */

/* Begin PBXSourcesBuildPhase section */
		CD7ADCAC2CBA7A4500DFB7F4 /* Sources */ = {
			isa = PBXSourcesBuildPhase;
			buildActionMask = 2147483647;
			files = (
				CD7ADCB62CBA7A4500DFB7F4 /* ContentView.swift in Sources */,
				CD7ADCB42CBA7A4500DFB7F4 /* WeathreForecastingApp.swift in Sources */,
			);
			runOnlyForDeploymentPostprocessing = 0;
		};
		CD7ADCBC2CBA7A4600DFB7F4 /* Sources */ = {
			isa = PBXSourcesBuildPhase;
			buildActionMask = 2147483647;
			files = (
				CD7ADCC52CBA7A4600DFB7F4 /* WeathreForecastingTests.swift in Sources */,
			);
			runOnlyForDeploymentPostprocessing = 0;
		};
		CD7ADCC62CBA7A4600DFB7F4 /* Sources */ = {
			isa = PBXSourcesBuildPhase;
			buildActionMask = 2147483647;
			files = (
				CD7ADCCF2CBA7A4600DFB7F4 /* WeathreForecastingUITests.swift in Sources */,
				CD7ADCD12CBA7A4600DFB7F4 /* WeathreForecastingUITestsLaunchTests.swift in Sources */,
			);
			runOnlyForDeploymentPostprocessing = 0;
		};
/* End PBXSourcesBuildPhase section */

/* Begin PBXTargetDependency section */
		CD7ADCC22CBA7A4600DFB7F4 /* PBXTargetDependency */ = {
			isa = PBXTargetDependency;
			target = CD7ADCAF2CBA7A4500DFB7F4 /* WeathreForecasting */;
			targetProxy = CD7ADCC12CBA7A4600DFB7F4 /* PBXContainerItemProxy */;
		};
		CD7ADCCC2CBA7A4600DFB7F4 /* PBXTargetDependency */ = {
			isa = PBXTargetDependency;
			target = CD7ADCAF2CBA7A4500DFB7F4 /* WeathreForecasting */;
			targetProxy = CD7ADCCB2CBA7A4600DFB7F4 /* PBXContainerItemProxy */;
		};
/* End PBXTargetDependency section */

/* Begin XCBuildConfiguration section */
		CD7ADCD22CBA7A4600DFB7F4 /* Debug */ = {
			isa = XCBuildConfiguration;
			buildSettings = {
				ALWAYS_SEARCH_USER_PATHS = NO;
				ASSETCATALOG_COMPILER_GENERATE_SWIFT_ASSET_SYMBOL_EXTENSIONS = YES;
				CLANG_ANALYZER_NONNULL = YES;
				CLANG_ANALYZER_NUMBER_OBJECT_CONVERSION = YES_AGGRESSIVE;
				CLANG_CXX_LANGUAGE_STANDARD = "gnu++20";
				CLANG_ENABLE_MODULES = YES;
				CLANG_ENABLE_OBJC_ARC = YES;
				CLANG_ENABLE_OBJC_WEAK = YES;
				CLANG_WARN_BLOCK_CAPTURE_AUTORELEASING = YES;
				CLANG_WARN_BOOL_CONVERSION = YES;
				CLANG_WARN_COMMA = YES;
				CLANG_WARN_CONSTANT_CONVERSION = YES;
				CLANG_WARN_DEPRECATED_OBJC_IMPLEMENTATIONS = YES;
				CLANG_WARN_DIRECT_OBJC_ISA_USAGE = YES_ERROR;
				CLANG_WARN_DOCUMENTATION_COMMENTS = YES;
				CLANG_WARN_EMPTY_BODY = YES;
				CLANG_WARN_ENUM_CONVERSION = YES;
				CLANG_WARN_INFINITE_RECURSION = YES;
				CLANG_WARN_INT_CONVERSION = YES;
				CLANG_WARN_NON_LITERAL_NULL_CONVERSION = YES;
				CLANG_WARN_OBJC_IMPLICIT_RETAIN_SELF = YES;
				CLANG_WARN_OBJC_LITERAL_CONVERSION = YES;
				CLANG_WARN_OBJC_ROOT_CLASS = YES_ERROR;
				CLANG_WARN_QUOTED_INCLUDE_IN_FRAMEWORK_HEADER = YES;
				CLANG_WARN_RANGE_LOOP_ANALYSIS = YES;
				CLANG_WARN_STRICT_PROTOTYPES = YES;
				CLANG_WARN_SUSPICIOUS_MOVE = YES;
				CLANG_WARN_UNGUARDED_AVAILABILITY = YES_AGGRESSIVE;
				CLANG_WARN_UNREACHABLE_CODE = YES;
				CLANG_WARN__DUPLICATE_METHOD_MATCH = YES;
				COPY_PHASE_STRIP = NO;
				DEBUG_INFORMATION_FORMAT = dwarf;
				ENABLE_STRICT_OBJC_MSGSEND = YES;
				ENABLE_TESTABILITY = YES;
				ENABLE_USER_SCRIPT_SANDBOXING = YES;
				GCC_C_LANGUAGE_STANDARD = gnu17;
				GCC_DYNAMIC_NO_PIC = NO;
				GCC_NO_COMMON_BLOCKS = YES;
				GCC_OPTIMIZATION_LEVEL = 0;
				GCC_PREPROCESSOR_DEFINITIONS = (
					"DEBUG=1",
					"$(inherited)",
				);
				GCC_WARN_64_TO_32_BIT_CONVERSION = YES;
				GCC_WARN_ABOUT_RETURN_TYPE = YES_ERROR;
				GCC_WARN_UNDECLARED_SELECTOR = YES;
				GCC_WARN_UNINITIALIZED_AUTOS = YES_AGGRESSIVE;
				GCC_WARN_UNUSED_FUNCTION = YES;
				GCC_WARN_UNUSED_VARIABLE = YES;
				IPHONEOS_DEPLOYMENT_TARGET = 17.2;
				LOCALIZATION_PREFERS_STRING_CATALOGS = YES;
				MTL_ENABLE_DEBUG_INFO = INCLUDE_SOURCE;
				MTL_FAST_MATH = YES;
				ONLY_ACTIVE_ARCH = YES;
				SDKROOT = iphoneos;
				SWIFT_ACTIVE_COMPILATION_CONDITIONS = "DEBUG $(inherited)";
				SWIFT_OPTIMIZATION_LEVEL = "-Onone";
			};
			name = Debug;
		};
		CD7ADCD32CBA7A4600DFB7F4 /* Release */ = {
			isa = XCBuildConfiguration;
			buildSettings = {
				ALWAYS_SEARCH_USER_PATHS = NO;
				ASSETCATALOG_COMPILER_GENERATE_SWIFT_ASSET_SYMBOL_EXTENSIONS = YES;
				CLANG_ANALYZER_NONNULL = YES;
				CLANG_ANALYZER_NUMBER_OBJECT_CONVERSION = YES_AGGRESSIVE;
				CLANG_CXX_LANGUAGE_STANDARD = "gnu++20";
				CLANG_ENABLE_MODULES = YES;
				CLANG_ENABLE_OBJC_ARC = YES;
				CLANG_ENABLE_OBJC_WEAK = YES;
				CLANG_WARN_BLOCK_CAPTURE_AUTORELEASING = YES;
				CLANG_WARN_BOOL_CONVERSION = YES;
				CLANG_WARN_COMMA = YES;
				CLANG_WARN_CONSTANT_CONVERSION = YES;
				CLANG_WARN_DEPRECATED_OBJC_IMPLEMENTATIONS = YES;
				CLANG_WARN_DIRECT_OBJC_ISA_USAGE = YES_ERROR;
				CLANG_WARN_DOCUMENTATION_COMMENTS = YES;
				CLANG_WARN_EMPTY_BODY = YES;
				CLANG_WARN_ENUM_CONVERSION = YES;
				CLANG_WARN_INFINITE_RECURSION = YES;
				CLANG_WARN_INT_CONVERSION = YES;
				CLANG_WARN_NON_LITERAL_NULL_CONVERSION = YES;
				CLANG_WARN_OBJC_IMPLICIT_RETAIN_SELF = YES;
				CLANG_WARN_OBJC_LITERAL_CONVERSION = YES;
				CLANG_WARN_OBJC_ROOT_CLASS = YES_ERROR;
				CLANG_WARN_QUOTED_INCLUDE_IN_FRAMEWORK_HEADER = YES;
				CLANG_WARN_RANGE_LOOP_ANALYSIS = YES;
				CLANG_WARN_STRICT_PROTOTYPES = YES;
				CLANG_WARN_SUSPICIOUS_MOVE = YES;
				CLANG_WARN_UNGUARDED_AVAILABILITY = YES_AGGRESSIVE;
				CLANG_WARN_UNREACHABLE_CODE = YES;
				CLANG_WARN__DUPLICATE_METHOD_MATCH = YES;
				COPY_PHASE_STRIP = NO;
				DEBUG_INFORMATION_FORMAT = "dwarf-with-dsym";
				ENABLE_NS_ASSERTIONS = NO;
				ENABLE_STRICT_OBJC_MSGSEND = YES;
				ENABLE_USER_SCRIPT_SANDBOXING = YES;
				GCC_C_LANGUAGE_STANDARD = gnu17;
				GCC_NO_COMMON_BLOCKS = YES;
				GCC_WARN_64_TO_32_BIT_CONVERSION = YES;
				GCC_WARN_ABOUT_RETURN_TYPE = YES_ERROR;
				GCC_WARN_UNDECLARED_SELECTOR = YES;
				GCC_WARN_UNINITIALIZED_AUTOS = YES_AGGRESSIVE;
				GCC_WARN_UNUSED_FUNCTION = YES;
				GCC_WARN_UNUSED_VARIABLE = YES;
				IPHONEOS_DEPLOYMENT_TARGET = 17.2;
				LOCALIZATION_PREFERS_STRING_CATALOGS = YES;
				MTL_ENABLE_DEBUG_INFO = NO;
				MTL_FAST_MATH = YES;
				SDKROOT = iphoneos;
				SWIFT_COMPILATION_MODE = wholemodule;
				VALIDATE_PRODUCT = YES;
			};
			name = Release;
		};
		CD7ADCD52CBA7A4600DFB7F4 /* Debug */ = {
			isa = XCBuildConfiguration;
			buildSettings = {
				ASSETCATALOG_COMPILER_APPICON_NAME = AppIcon;
				ASSETCATALOG_COMPILER_GLOBAL_ACCENT_COLOR_NAME = AccentColor;
				CODE_SIGN_STYLE = Automatic;
				CURRENT_PROJECT_VERSION = 1;
				DEVELOPMENT_ASSET_PATHS = "\"WeathreForecasting/Preview Content\"";
				DEVELOPMENT_TEAM = Q5FKB2G6Y8;
				ENABLE_PREVIEWS = YES;
				GENERATE_INFOPLIST_FILE = YES;
				INFOPLIST_KEY_UIApplicationSceneManifest_Generation = YES;
				INFOPLIST_KEY_UIApplicationSupportsIndirectInputEvents = YES;
				INFOPLIST_KEY_UILaunchScreen_Generation = YES;
				INFOPLIST_KEY_UISupportedInterfaceOrientations_iPad = "UIInterfaceOrientationPortrait UIInterfaceOrientationPortraitUpsideDown UIInterfaceOrientationLandscapeLeft UIInterfaceOrientationLandscapeRight";
				INFOPLIST_KEY_UISupportedInterfaceOrientations_iPhone = "UIInterfaceOrientationPortrait UIInterfaceOrientationLandscapeLeft UIInterfaceOrientationLandscapeRight";
				LD_RUNPATH_SEARCH_PATHS = (
					"$(inherited)",
					"@executable_path/Frameworks",
				);
				MARKETING_VERSION = 1.0;
				PRODUCT_BUNDLE_IDENTIFIER = com.saj.WeathreForecasting;
				PRODUCT_NAME = "$(TARGET_NAME)";
				SWIFT_EMIT_LOC_STRINGS = YES;
				SWIFT_VERSION = 5.0;
				TARGETED_DEVICE_FAMILY = "1,2";
			};
			name = Debug;
		};
		CD7ADCD62CBA7A4600DFB7F4 /* Release */ = {
			isa = XCBuildConfiguration;
			buildSettings = {
				ASSETCATALOG_COMPILER_APPICON_NAME = AppIcon;
				ASSETCATALOG_COMPILER_GLOBAL_ACCENT_COLOR_NAME = AccentColor;
				CODE_SIGN_STYLE = Automatic;
				CURRENT_PROJECT_VERSION = 1;
				DEVELOPMENT_ASSET_PATHS = "\"WeathreForecasting/Preview Content\"";
				DEVELOPMENT_TEAM = Q5FKB2G6Y8;
				ENABLE_PREVIEWS = YES;
				GENERATE_INFOPLIST_FILE = YES;
				INFOPLIST_KEY_UIApplicationSceneManifest_Generation = YES;
				INFOPLIST_KEY_UIApplicationSupportsIndirectInputEvents = YES;
				INFOPLIST_KEY_UILaunchScreen_Generation = YES;
				INFOPLIST_KEY_UISupportedInterfaceOrientations_iPad = "UIInterfaceOrientationPortrait UIInterfaceOrientationPortraitUpsideDown UIInterfaceOrientationLandscapeLeft UIInterfaceOrientationLandscapeRight";
				INFOPLIST_KEY_UISupportedInterfaceOrientations_iPhone = "UIInterfaceOrientationPortrait UIInterfaceOrientationLandscapeLeft UIInterfaceOrientationLandscapeRight";
				LD_RUNPATH_SEARCH_PATHS = (
					"$(inherited)",
					"@executable_path/Frameworks",
				);
				MARKETING_VERSION = 1.0;
				PRODUCT_BUNDLE_IDENTIFIER = com.saj.WeathreForecasting;
				PRODUCT_NAME = "$(TARGET_NAME)";
				SWIFT_EMIT_LOC_STRINGS = YES;
				SWIFT_VERSION = 5.0;
				TARGETED_DEVICE_FAMILY = "1,2";
			};
			name = Release;
		};
		CD7ADCD82CBA7A4600DFB7F4 /* Debug */ = {
			isa = XCBuildConfiguration;
			buildSettings = {
				ALWAYS_EMBED_SWIFT_STANDARD_LIBRARIES = YES;
				BUNDLE_LOADER = "$(TEST_HOST)";
				CODE_SIGN_STYLE = Automatic;
				CURRENT_PROJECT_VERSION = 1;
				DEVELOPMENT_TEAM = Q5FKB2G6Y8;
				GENERATE_INFOPLIST_FILE = YES;
				IPHONEOS_DEPLOYMENT_TARGET = 17.2;
				MARKETING_VERSION = 1.0;
				PRODUCT_BUNDLE_IDENTIFIER = com.saj.WeathreForecastingTests;
				PRODUCT_NAME = "$(TARGET_NAME)";
				SWIFT_EMIT_LOC_STRINGS = NO;
				SWIFT_VERSION = 5.0;
				TARGETED_DEVICE_FAMILY = "1,2";
				TEST_HOST = "$(BUILT_PRODUCTS_DIR)/WeathreForecasting.app/$(BUNDLE_EXECUTABLE_FOLDER_PATH)/WeathreForecasting";
			};
			name = Debug;
		};
		CD7ADCD92CBA7A4600DFB7F4 /* Release */ = {
			isa = XCBuildConfiguration;
			buildSettings = {
				ALWAYS_EMBED_SWIFT_STANDARD_LIBRARIES = YES;
				BUNDLE_LOADER = "$(TEST_HOST)";
				CODE_SIGN_STYLE = Automatic;
				CURRENT_PROJECT_VERSION = 1;
				DEVELOPMENT_TEAM = Q5FKB2G6Y8;
				GENERATE_INFOPLIST_FILE = YES;
				IPHONEOS_DEPLOYMENT_TARGET = 17.2;
				MARKETING_VERSION = 1.0;
				PRODUCT_BUNDLE_IDENTIFIER = com.saj.WeathreForecastingTests;
				PRODUCT_NAME = "$(TARGET_NAME)";
				SWIFT_EMIT_LOC_STRINGS = NO;
				SWIFT_VERSION = 5.0;
				TARGETED_DEVICE_FAMILY = "1,2";
				TEST_HOST = "$(BUILT_PRODUCTS_DIR)/WeathreForecasting.app/$(BUNDLE_EXECUTABLE_FOLDER_PATH)/WeathreForecasting";
			};
			name = Release;
		};
		CD7ADCDB2CBA7A4600DFB7F4 /* Debug */ = {
			isa = XCBuildConfiguration;
			buildSettings = {
				ALWAYS_EMBED_SWIFT_STANDARD_LIBRARIES = YES;
				CODE_SIGN_STYLE = Automatic;
				CURRENT_PROJECT_VERSION = 1;
				DEVELOPMENT_TEAM = Q5FKB2G6Y8;
				GENERATE_INFOPLIST_FILE = YES;
				MARKETING_VERSION = 1.0;
				PRODUCT_BUNDLE_IDENTIFIER = com.saj.WeathreForecastingUITests;
				PRODUCT_NAME = "$(TARGET_NAME)";
				SWIFT_EMIT_LOC_STRINGS = NO;
				SWIFT_VERSION = 5.0;
				TARGETED_DEVICE_FAMILY = "1,2";
				TEST_TARGET_NAME = WeathreForecasting;
			};
			name = Debug;
		};
		CD7ADCDC2CBA7A4600DFB7F4 /* Release */ = {
			isa = XCBuildConfiguration;
			buildSettings = {
				ALWAYS_EMBED_SWIFT_STANDARD_LIBRARIES = YES;
				CODE_SIGN_STYLE = Automatic;
				CURRENT_PROJECT_VERSION = 1;
				DEVELOPMENT_TEAM = Q5FKB2G6Y8;
				GENERATE_INFOPLIST_FILE = YES;
				MARKETING_VERSION = 1.0;
				PRODUCT_BUNDLE_IDENTIFIER = com.saj.WeathreForecastingUITests;
				PRODUCT_NAME = "$(TARGET_NAME)";
				SWIFT_EMIT_LOC_STRINGS = NO;
				SWIFT_VERSION = 5.0;
				TARGETED_DEVICE_FAMILY = "1,2";
				TEST_TARGET_NAME = WeathreForecasting;
			};
			name = Release;
		};
/* End XCBuildConfiguration section */

/* Begin XCConfigurationList section */
		CD7ADCAB2CBA7A4500DFB7F4 /* Build configuration list for PBXProject "WeathreForecasting" */ = {
			isa = XCConfigurationList;
			buildConfigurations = (
				CD7ADCD22CBA7A4600DFB7F4 /* Debug */,
				CD7ADCD32CBA7A4600DFB7F4 /* Release */,
			);
			defaultConfigurationIsVisible = 0;
			defaultConfigurationName = Release;
		};
		CD7ADCD42CBA7A4600DFB7F4 /* Build configuration list for PBXNativeTarget "WeathreForecasting" */ = {
			isa = XCConfigurationList;
			buildConfigurations = (
				CD7ADCD52CBA7A4600DFB7F4 /* Debug */,
				CD7ADCD62CBA7A4600DFB7F4 /* Release */,
			);
			defaultConfigurationIsVisible = 0;
			defaultConfigurationName = Release;
		};
		CD7ADCD72CBA7A4600DFB7F4 /* Build configuration list for PBXNativeTarget "WeathreForecastingTests" */ = {
			isa = XCConfigurationList;
			buildConfigurations = (
				CD7ADCD82CBA7A4600DFB7F4 /* Debug */,
				CD7ADCD92CBA7A4600DFB7F4 /* Release */,
			);
			defaultConfigurationIsVisible = 0;
			defaultConfigurationName = Release;
		};
		CD7ADCDA2CBA7A4600DFB7F4 /* Build configuration list for PBXNativeTarget "WeathreForecastingUITests" */ = {
			isa = XCConfigurationList;
			buildConfigurations = (
				CD7ADCDB2CBA7A4600DFB7F4 /* Debug */,
				CD7ADCDC2CBA7A4600DFB7F4 /* Release */,
			);
			defaultConfigurationIsVisible = 0;
			defaultConfigurationName = Release;
		};
/* End XCConfigurationList section */
	};
	rootObject = CD7ADCA82CBA7A4500DFB7F4 /* Project object */;
}
